
Microsoft Visual Studio Solution File, Format Version 12.00
# Visual Studio Version 17
VisualStudioVersion = 17.2.32516.85
MinimumVisualStudioVersion = 10.0.40219.1
Project("{8BC9CEB8-8B4A-11D0-8D11-00A0C91BC942}") = "CppConsoleProjects", "CppConsoleProjects\CppConsoleProjects.vcxproj", "{65B4620A-1D39-4CC6-92E4-85BE5F8E51EA}"
EndProject
Project("{8BC9CEB8-8B4A-11D0-8D11-00A0C91BC942}") = "3DConsoleEngine", "3DConsoleEngine\3DConsoleEngine.vcxproj", "{B00FBF58-46C9-430F-9B8E-E9F6A01E3DFD}"
EndProject
Global
	GlobalSection(SolutionConfigurationPlatforms) = preSolution
		Debug|x64 = Debug|x64
		Debug|x86 = Debug|x86
		Release|x64 = Release|x64
		Release|x86 = Release|x86
	EndGlobalSection
	GlobalSection(ProjectConfigurationPlatforms) = postSolution
		{65B4620A-1D39-4CC6-92E4-85BE5F8E51EA}.Debug|x64.ActiveCfg = Debug|x64
		{65B4620A-1D39-4CC6-92E4-85BE5F8E51EA}.Debug|x64.Build.0 = Debug|x64
		{65B4620A-1D39-4CC6-92E4-85BE5F8E51EA}.Debug|x86.ActiveCfg = Debug|Win32
		{65B4620A-1D39-4CC6-92E4-85BE5F8E51EA}.Debug|x86.Build.0 = Debug|Win32
		{65B4620A-1D39-4CC6-92E4-85BE5F8E51EA}.Release|x64.ActiveCfg = Release|x64
		{65B4620A-1D39-4CC6-92E4-85BE5F8E51EA}.Release|x64.Build.0 = Release|x64
		{65B4620A-1D39-4CC6-92E4-85BE5F8E51EA}.Release|x86.ActiveCfg = Release|Win32
		{65B4620A-1D39-4CC6-92E4-85BE5F8E51EA}.Release|x86.Build.0 = Release|Win32
		{B00FBF58-46C9-430F-9B8E-E9F6A01E3DFD}.Debug|x64.ActiveCfg = Debug|x64
		{B00FBF58-46C9-430F-9B8E-E9F6A01E3DFD}.Debug|x64.Build.0 = Debug|x64
		{B00FBF58-46C9-430F-9B8E-E9F6A01E3DFD}.Debug|x86.ActiveCfg = Debug|Win32
		{B00FBF58-46C9-430F-9B8E-E9F6A01E3DFD}.Debug|x86.Build.0 = Debug|Win32
		{B00FBF58-46C9-430F-9B8E-E9F6A01E3DFD}.Release|x64.ActiveCfg = Release|x64
		{B00FBF58-46C9-430F-9B8E-E9F6A01E3DFD}.Release|x64.Build.0 = Release|x64
		{B00FBF58-46C9-430F-9B8E-E9F6A01E3DFD}.Release|x86.ActiveCfg = Release|Win32
		{B00FBF58-46C9-430F-9B8E-E9F6A01E3DFD}.Release|x86.Build.0 = Release|Win32
	EndGlobalSection
	GlobalSection(SolutionProperties) = preSolution
		HideSolutionNode = FALSE
	EndGlobalSection
	GlobalSection(ExtensibilityGlobals) = postSolution
		SolutionGuid = {664B48A2-A5E8-4771-8DEA-FFB7910DC8C7}
	EndGlobalSection
EndGlobal
